
Microsoft Visual Studio Solution File, Format Version 12.00
# Visual Studio 2013
VisualStudioVersion = 12.0.31101.0
MinimumVisualStudioVersion = 10.0.40219.1
Project("{FAE04EC0-301F-11D3-BF4B-00C04F79EFBC}") = "MessageContentAnalyzer", "MessageContentAnalyzer\MessageContentAnalyzer.csproj", "{6D8A3F61-7FBC-486F-91DD-CD89820120CE}"
EndProject
Project("{FAE04EC0-301F-11D3-BF4B-00C04F79EFBC}") = "MessageContentAnalyzerWeb", "MessageContentAnalyzerWeb\MessageContentAnalyzerWeb.csproj", "{FD94CB84-EBE3-4613-9455-360AF11F3EB3}"
EndProject
Global
	GlobalSection(SolutionConfigurationPlatforms) = preSolution
		Debug|Any CPU = Debug|Any CPU
		Release|Any CPU = Release|Any CPU
	EndGlobalSection
	GlobalSection(ProjectConfigurationPlatforms) = postSolution
		{6D8A3F61-7FBC-486F-91DD-CD89820120CE}.Debug|Any CPU.ActiveCfg = Debug|Any CPU
		{6D8A3F61-7FBC-486F-91DD-CD89820120CE}.Debug|Any CPU.Build.0 = Debug|Any CPU
		{6D8A3F61-7FBC-486F-91DD-CD89820120CE}.Debug|Any CPU.Deploy.0 = Debug|Any CPU
		{6D8A3F61-7FBC-486F-91DD-CD89820120CE}.Release|Any CPU.ActiveCfg = Release|Any CPU
		{6D8A3F61-7FBC-486F-91DD-CD89820120CE}.Release|Any CPU.Build.0 = Release|Any CPU
		{6D8A3F61-7FBC-486F-91DD-CD89820120CE}.Release|Any CPU.Deploy.0 = Release|Any CPU
		{FD94CB84-EBE3-4613-9455-360AF11F3EB3}.Debug|Any CPU.ActiveCfg = Debug|Any CPU
		{FD94CB84-EBE3-4613-9455-360AF11F3EB3}.Debug|Any CPU.Build.0 = Debug|Any CPU
		{FD94CB84-EBE3-4613-9455-360AF11F3EB3}.Release|Any CPU.ActiveCfg = Release|Any CPU
		{FD94CB84-EBE3-4613-9455-360AF11F3EB3}.Release|Any CPU.Build.0 = Release|Any CPU
	EndGlobalSection
	GlobalSection(SolutionProperties) = preSolution
		HideSolutionNode = FALSE
	EndGlobalSection
EndGlobal
